
Microsoft Visual Studio Solution File, Format Version 12.00
# Visual Studio Version 16
VisualStudioVersion = 16.0.28803.156
MinimumVisualStudioVersion = 10.0.40219.1
Project("{FAE04EC0-301F-11D3-BF4B-00C04F79EFBC}") = "1st App in CSharp", "1st App in CSharp\1st App in CSharp.csproj", "{A415D240-6D77-49DA-A950-60C68A9AF278}"
EndProject
Global
	GlobalSection(SolutionConfigurationPlatforms) = preSolution
		Debug|Any CPU = Debug|Any CPU
		Release|Any CPU = Release|Any CPU
	EndGlobalSection
	GlobalSection(ProjectConfigurationPlatforms) = postSolution
		{A415D240-6D77-49DA-A950-60C68A9AF278}.Debug|Any CPU.ActiveCfg = Debug|Any CPU
		{A415D240-6D77-49DA-A950-60C68A9AF278}.Debug|Any CPU.Build.0 = Debug|Any CPU
		{A415D240-6D77-49DA-A950-60C68A9AF278}.Release|Any CPU.ActiveCfg = Release|Any CPU
		{A415D240-6D77-49DA-A950-60C68A9AF278}.Release|Any CPU.Build.0 = Release|Any CPU
	EndGlobalSection
	GlobalSection(SolutionProperties) = preSolution
		HideSolutionNode = FALSE
	EndGlobalSection
	GlobalSection(ExtensibilityGlobals) = postSolution
		SolutionGuid = {143FC195-758F-437E-9FDC-CE23DCEB9F4D}
	EndGlobalSection
EndGlobal
